<Solution>
    <Configurations>
        <Platform Name="Any CPU" />
        <Platform Name="x64" />
        <Platform Name="x86" />
    </Configurations>
    <Project Path="camera-controller-override/camera-controller-override.csproj" />
    <Project Path="camera-controller-override.lib/camera-controller-override.lib.csproj" />
    <Project Path="kitten-animations/kitten-animations.csproj" />
    <Project Path="kitten-animations.lib/kitten-animations.lib.csproj" />
    <Project Path="byo-music/byo-music.csproj" />
    <Project Path="byo-music.lib/byo-music.lib.csproj" />
    <Project Path="glass/glass.csproj" />
    <Project Path="glass.lib/glass.lib.csproj" />
    <Project Path="garrys-torch/garrys-torch.csproj" />
    <Project Path="pyro/pyro.csproj" />
    <Project Path="pyro.lib/pyro.lib.csproj" />
    <Project Path="graffiti/graffiti.csproj" />
    <Project Path="graffiti.lib/graffiti.lib.csproj" />
    <Project Path="free-fallin/free-fallin.csproj" />
    <Project Path="free-fallin.lib/free-fallin.lib.csproj" />
    <Project Path="hot-pursuit/hot-pursuit.csproj" />
    <Project Path="hot-pursuit.lib/hot-pursuit.lib.csproj" />
    <Project Path="garrys-torch.lib/garrys-torch.lib.csproj" />
    <Project Path="garrys-torch.tests/garrys-torch.tests.csproj" />
    <Project Path="zippo/zippo.csproj" />
    <Project Path="zippo.lib/zippo.lib.csproj" />
    <Project Path="i-feel-seen/i-feel-seen.csproj" />
    <Project Path="i-feel-seen.lib/i-feel-seen.lib.csproj" />
    <Project Path="unscience/unscience.csproj" />
    <Project Path="ksa-abstractions.lib/ksa-abstractions.lib.csproj" />
    <Project Path="kiwis-marbles/kiwis-marbles.csproj" />
    <Project Path="kiwis-marbles.lib/kiwis-marbles.lib.csproj" />
    <Project Path="skittles/skittles.csproj" />
    <Project Path="skittles.lib/skittles.lib.csproj" />
    <Project Path="blinky/blinky.csproj" />
    <Project Path="blinky.lib/blinky.lib.csproj" />
    <Project Path="its-so-shiny/its-so-shiny.csproj" />
    <Project Path="its-so-shiny.lib/its-so-shiny.lib.csproj" />
    <Project Path="eternal-flame/eternal-flame.csproj" />
    <Project Path="eternal-flame.lib/eternal-flame.lib.csproj" />
    <Project Path="humble-arteest/humble-arteest.csproj" />
    <Project Path="humble-arteest.lib/humble-arteest.lib.csproj" />
    <Project Path="doh/doh.csproj" />
    <Project Path="doh.lib/doh.lib.csproj" />
    <Project Path="kitchen-sink/kitchen-sink.csproj" />
    <Project Path="kitchen-sink.lib/kitchen-sink.lib.csproj" />
    <Project Path="thug-life/thug-life.csproj" />
    <Project Path="thug-life.lib/thug-life.lib.csproj" />
    <Project Path="parts-now/parts-now.csproj" />
    <Project Path="parts-now.lib/parts-now.lib.csproj" />
    <Project Path="dont-stifle-me/dont-stifle-me.csproj" />
    <Project Path="dont-stifle-me.lib/dont-stifle-me.lib.csproj" />
    <Project Path="rocky-mcrock-face/rocky-mcrock-face.csproj" />
    <Project Path="rocky-mcrock-face.lib/rocky-mcrock-face.lib.csproj" />
    <Project Path="bloomin-onion/bloomin-onion.csproj" />
    <Project Path="bloomin-onion.lib/bloomin-onion.lib.csproj" />
    <Project Path="pebbles.lib/pebbles.lib.csproj" />
    <Project Path="pebbles.tests/pebbles.tests.csproj" />
    <Project Path="godzilla/godzilla.csproj" />
    <Project Path="godzilla.lib/godzilla.lib.csproj" />
    <Project Path="godzilla.tests/godzilla.tests.csproj" />
    <Project Path="byo-music.tests/byo-music.tests.csproj" />
    <Project Path="pyro.tests/pyro.tests.csproj" />
    <Project Path="sphinx/sphinx.csproj" />
    <Project Path="sphinx.lib/sphinx.lib.csproj" />
    <Project Path="sphinx.tests/sphinx.tests.csproj" />
</Solution>
